
Microsoft Visual Studio Solution File, Format Version 12.00
# Visual Studio 15
VisualStudioVersion = 15.0.28307.645
MinimumVisualStudioVersion = 10.0.40219.1
Project("{FAE04EC0-301F-11D3-BF4B-00C04F79EFBC}") = "AsyncFileReader", "AsyncFileReader\AsyncFileReader.csproj", "{3C01CBBB-2F40-4FF5-B877-B5E463F4BA22}"
EndProject
Global
	GlobalSection(SolutionConfigurationPlatforms) = preSolution
		Debug|Any CPU = Debug|Any CPU
		Release|Any CPU = Release|Any CPU
	EndGlobalSection
	GlobalSection(ProjectConfigurationPlatforms) = postSolution
		{3C01CBBB-2F40-4FF5-B877-B5E463F4BA22}.Debug|Any CPU.ActiveCfg = Debug|Any CPU
		{3C01CBBB-2F40-4FF5-B877-B5E463F4BA22}.Debug|Any CPU.Build.0 = Debug|Any CPU
		{3C01CBBB-2F40-4FF5-B877-B5E463F4BA22}.Release|Any CPU.ActiveCfg = Release|Any CPU
		{3C01CBBB-2F40-4FF5-B877-B5E463F4BA22}.Release|Any CPU.Build.0 = Release|Any CPU
	EndGlobalSection
	GlobalSection(SolutionProperties) = preSolution
		HideSolutionNode = FALSE
	EndGlobalSection
	GlobalSection(ExtensibilityGlobals) = postSolution
		SolutionGuid = {85E41316-9148-4106-9FBA-4D0B6E48E5A3}
	EndGlobalSection
EndGlobal
