
Microsoft Visual Studio Solution File, Format Version 12.00
# Visual Studio 15
VisualStudioVersion = 15.0.28307.572
MinimumVisualStudioVersion = 10.0.40219.1
Project("{FAE04EC0-301F-11D3-BF4B-00C04F79EFBC}") = "SerializationApp", "SerializationApp\SerializationApp.csproj", "{818B76B7-FBB2-40EC-9CA2-362C20F2B39A}"
EndProject
Global
	GlobalSection(SolutionConfigurationPlatforms) = preSolution
		Debug|Any CPU = Debug|Any CPU
		Release|Any CPU = Release|Any CPU
	EndGlobalSection
	GlobalSection(ProjectConfigurationPlatforms) = postSolution
		{818B76B7-FBB2-40EC-9CA2-362C20F2B39A}.Debug|Any CPU.ActiveCfg = Debug|Any CPU
		{818B76B7-FBB2-40EC-9CA2-362C20F2B39A}.Debug|Any CPU.Build.0 = Debug|Any CPU
		{818B76B7-FBB2-40EC-9CA2-362C20F2B39A}.Release|Any CPU.ActiveCfg = Release|Any CPU
		{818B76B7-FBB2-40EC-9CA2-362C20F2B39A}.Release|Any CPU.Build.0 = Release|Any CPU
	EndGlobalSection
	GlobalSection(SolutionProperties) = preSolution
		HideSolutionNode = FALSE
	EndGlobalSection
	GlobalSection(ExtensibilityGlobals) = postSolution
		SolutionGuid = {5E7BDFCF-C943-44FA-9649-3A67E522C22F}
	EndGlobalSection
EndGlobal
